
Microsoft Visual Studio Solution File, Format Version 12.00
# Visual Studio Version 17
VisualStudioVersion = 17.14.36127.28 d17.14
MinimumVisualStudioVersion = 10.0.40219.1
Project("{FAE04EC0-301F-11D3-BF4B-00C04F79EFBC}") = "ProductAPI", "ProductAPI\ProductAPI.csproj", "{D640BB03-651E-40B8-B523-70F2E5DD958A}"
EndProject
Project("{FAE04EC0-301F-11D3-BF4B-00C04F79EFBC}") = "OrderAPI", "OrderAPI\OrderAPI.csproj", "{F8F5C616-C029-4B83-82C5-0E116B6411DD}"
EndProject
Project("{FAE04EC0-301F-11D3-BF4B-00C04F79EFBC}") = "EmailNotificationWehook", "EmailNotificationWehook\EmailNotificationWehook.csproj", "{C01408EB-E7AF-4D5B-9DE2-27A8AD54DA4C}"
EndProject
Project("{FAE04EC0-301F-11D3-BF4B-00C04F79EFBC}") = "Shared", "Shared\Shared.csproj", "{5163A7EB-36E5-49E0-B098-E2A0504C7228}"
EndProject
Global
	GlobalSection(SolutionConfigurationPlatforms) = preSolution
		Debug|Any CPU = Debug|Any CPU
		Release|Any CPU = Release|Any CPU
	EndGlobalSection
	GlobalSection(ProjectConfigurationPlatforms) = postSolution
		{D640BB03-651E-40B8-B523-70F2E5DD958A}.Debug|Any CPU.ActiveCfg = Debug|Any CPU
		{D640BB03-651E-40B8-B523-70F2E5DD958A}.Debug|Any CPU.Build.0 = Debug|Any CPU
		{D640BB03-651E-40B8-B523-70F2E5DD958A}.Release|Any CPU.ActiveCfg = Release|Any CPU
		{D640BB03-651E-40B8-B523-70F2E5DD958A}.Release|Any CPU.Build.0 = Release|Any CPU
		{F8F5C616-C029-4B83-82C5-0E116B6411DD}.Debug|Any CPU.ActiveCfg = Debug|Any CPU
		{F8F5C616-C029-4B83-82C5-0E116B6411DD}.Debug|Any CPU.Build.0 = Debug|Any CPU
		{F8F5C616-C029-4B83-82C5-0E116B6411DD}.Release|Any CPU.ActiveCfg = Release|Any CPU
		{F8F5C616-C029-4B83-82C5-0E116B6411DD}.Release|Any CPU.Build.0 = Release|Any CPU
		{C01408EB-E7AF-4D5B-9DE2-27A8AD54DA4C}.Debug|Any CPU.ActiveCfg = Debug|Any CPU
		{C01408EB-E7AF-4D5B-9DE2-27A8AD54DA4C}.Debug|Any CPU.Build.0 = Debug|Any CPU
		{C01408EB-E7AF-4D5B-9DE2-27A8AD54DA4C}.Release|Any CPU.ActiveCfg = Release|Any CPU
		{C01408EB-E7AF-4D5B-9DE2-27A8AD54DA4C}.Release|Any CPU.Build.0 = Release|Any CPU
		{5163A7EB-36E5-49E0-B098-E2A0504C7228}.Debug|Any CPU.ActiveCfg = Debug|Any CPU
		{5163A7EB-36E5-49E0-B098-E2A0504C7228}.Debug|Any CPU.Build.0 = Debug|Any CPU
		{5163A7EB-36E5-49E0-B098-E2A0504C7228}.Release|Any CPU.ActiveCfg = Release|Any CPU
		{5163A7EB-36E5-49E0-B098-E2A0504C7228}.Release|Any CPU.Build.0 = Release|Any CPU
	EndGlobalSection
	GlobalSection(SolutionProperties) = preSolution
		HideSolutionNode = FALSE
	EndGlobalSection
	GlobalSection(ExtensibilityGlobals) = postSolution
		SolutionGuid = {78A980B7-6CD7-483C-809C-28EAD37AA855}
	EndGlobalSection
EndGlobal
